PODS:
  - Core (0.0.2)
  - Journey1 (0.0.2):
    - Core
  - Journey2 (0.0.1):
    - Core
  - Journey3 (0.0.1):
    - Core
  - Journey4 (0.0.1):
    - Core

DEPENDENCIES:
  - Core (= 0.0.2)
  - Journey1 (= 0.0.2)
  - Journey2 (= 0.0.1)
  - Journey3 (= 0.0.1)
  - Journey4 (= 0.0.1)

SPEC REPOS:
  "git@github.com:gu7araujo/iOS-Libraries-Specs.git":
    - Core
    - Journey1
    - Journey2
    - Journey3
    - Journey4

SPEC CHECKSUMS:
  Core: 0f60d4de2d516f530272a1200710435401b98e8f
  Journey1: a2d3ea4e40beed153939e941d9b7b1cb7e7898f6
  Journey2: 61545031622fc7af084164ce566ece6d5dbf7537
  Journey3: dbfe399f03666fb611f238bb733c031172d82efb
  Journey4: fee86a9d6bb8760567a81575cd3bca9cc5ea1283

PODFILE CHECKSUM: 722f8c68cccacf3d83740c9bdffa4f3978fff030

COCOAPODS: 1.15.2
