PODS:
  - Core (1.0.0)
  - Journey1 (1.0.0):
    - Core
  - Journey2 (1.0.0):
    - Core
  - Journey3 (1.0.0):
    - Core
  - Journey4 (1.0.0):
    - Core

DEPENDENCIES:
  - Core (= 1.0.0)
  - Journey1 (= 1.0.0)
  - Journey2 (= 1.0.0)
  - Journey3 (= 1.0.0)
  - Journey4 (= 1.0.0)

SPEC REPOS:
  "git@github.com:gu7araujo/iOS-Libraries-Specs.git":
    - Core
    - Journey1
    - Journey2
    - Journey3
    - Journey4

SPEC CHECKSUMS:
  Core: b62c8a791505023cef1f4b380f8a983429f93824
  Journey1: d673620cf3c7f38b405972f86eb51c6a026d70f5
  Journey2: 04e819b7afa17d452b5ec1a9572ea7207bf161f2
  Journey3: c29b332a1f236d655f40803209ea6f2a8eae8bbb
  Journey4: 228afd7ac8c586122aa44fcf03d415fa905d5ca9

PODFILE CHECKSUM: 805ae6294741c503bf3d56e425f3949507971a03

COCOAPODS: 1.15.2
